
Microsoft Visual Studio Solution File, Format Version 12.00
# Visual Studio Version 16
VisualStudioVersion = 16.0.31624.102
MinimumVisualStudioVersion = 10.0.40219.1
Project("{FAE04EC0-301F-11D3-BF4B-00C04F79EFBC}") = "SongBlockChain", "SongBlockChain\SongBlockChain.csproj", "{C913BDF0-F005-44CA-A22F-8523C6D31FE4}"
EndProject
Project("{FAE04EC0-301F-11D3-BF4B-00C04F79EFBC}") = "Song.Model", "Song.Model\Song.Model.csproj", "{BB6FD8E6-C30C-4C9E-83D5-CFFE26B350E6}"
EndProject
Project("{FAE04EC0-301F-11D3-BF4B-00C04F79EFBC}") = "Song.Application", "Song.Application\Song.Application.csproj", "{0B92156E-0AD2-4339-A0F0-635D80CBFE72}"
EndProject
Project("{FAE04EC0-301F-11D3-BF4B-00C04F79EFBC}") = "Song.Persistence", "Song.Persistence\Song.Persistence.csproj", "{C2B5D048-EE7F-46BD-A1EC-D8217459AB5E}"
EndProject
Global
	GlobalSection(SolutionConfigurationPlatforms) = preSolution
		Debug|Any CPU = Debug|Any CPU
		Release|Any CPU = Release|Any CPU
	EndGlobalSection
	GlobalSection(ProjectConfigurationPlatforms) = postSolution
		{C913BDF0-F005-44CA-A22F-8523C6D31FE4}.Debug|Any CPU.ActiveCfg = Debug|Any CPU
		{C913BDF0-F005-44CA-A22F-8523C6D31FE4}.Debug|Any CPU.Build.0 = Debug|Any CPU
		{C913BDF0-F005-44CA-A22F-8523C6D31FE4}.Release|Any CPU.ActiveCfg = Release|Any CPU
		{C913BDF0-F005-44CA-A22F-8523C6D31FE4}.Release|Any CPU.Build.0 = Release|Any CPU
		{BB6FD8E6-C30C-4C9E-83D5-CFFE26B350E6}.Debug|Any CPU.ActiveCfg = Debug|Any CPU
		{BB6FD8E6-C30C-4C9E-83D5-CFFE26B350E6}.Debug|Any CPU.Build.0 = Debug|Any CPU
		{BB6FD8E6-C30C-4C9E-83D5-CFFE26B350E6}.Release|Any CPU.ActiveCfg = Release|Any CPU
		{BB6FD8E6-C30C-4C9E-83D5-CFFE26B350E6}.Release|Any CPU.Build.0 = Release|Any CPU
		{0B92156E-0AD2-4339-A0F0-635D80CBFE72}.Debug|Any CPU.ActiveCfg = Debug|Any CPU
		{0B92156E-0AD2-4339-A0F0-635D80CBFE72}.Debug|Any CPU.Build.0 = Debug|Any CPU
		{0B92156E-0AD2-4339-A0F0-635D80CBFE72}.Release|Any CPU.ActiveCfg = Release|Any CPU
		{0B92156E-0AD2-4339-A0F0-635D80CBFE72}.Release|Any CPU.Build.0 = Release|Any CPU
		{C2B5D048-EE7F-46BD-A1EC-D8217459AB5E}.Debug|Any CPU.ActiveCfg = Debug|Any CPU
		{C2B5D048-EE7F-46BD-A1EC-D8217459AB5E}.Debug|Any CPU.Build.0 = Debug|Any CPU
		{C2B5D048-EE7F-46BD-A1EC-D8217459AB5E}.Release|Any CPU.ActiveCfg = Release|Any CPU
		{C2B5D048-EE7F-46BD-A1EC-D8217459AB5E}.Release|Any CPU.Build.0 = Release|Any CPU
	EndGlobalSection
	GlobalSection(SolutionProperties) = preSolution
		HideSolutionNode = FALSE
	EndGlobalSection
	GlobalSection(ExtensibilityGlobals) = postSolution
		SolutionGuid = {1BE96BE9-E407-4B08-B20C-992AFEF28A72}
	EndGlobalSection
EndGlobal
